
Microsoft Visual Studio Solution File, Format Version 12.00
# Visual Studio 15
VisualStudioVersion = 15.0.26228.13
MinimumVisualStudioVersion = 10.0.40219.1
Project("{FAE04EC0-301F-11D3-BF4B-00C04F79EFBC}") = "NodeModelsEssentials", "NodeModelsEssentials\NodeModelsEssentials.csproj", "{CE1B1314-876A-4579-AB8F-5E9B7EEB9954}"
EndProject
Project("{FAE04EC0-301F-11D3-BF4B-00C04F79EFBC}") = "NodeModelsEssentialsFunctions", "NodeModelsEssentialsFunctions\NodeModelsEssentialsFunctions.csproj", "{F519DEE9-84FF-4331-B5C8-131C4A684670}"
EndProject
Global
	GlobalSection(SolutionConfigurationPlatforms) = preSolution
		Debug|Any CPU = Debug|Any CPU
		Release|Any CPU = Release|Any CPU
	EndGlobalSection
	GlobalSection(ProjectConfigurationPlatforms) = postSolution
		{CE1B1314-876A-4579-AB8F-5E9B7EEB9954}.Debug|Any CPU.ActiveCfg = Debug|Any CPU
		{CE1B1314-876A-4579-AB8F-5E9B7EEB9954}.Debug|Any CPU.Build.0 = Debug|Any CPU
		{CE1B1314-876A-4579-AB8F-5E9B7EEB9954}.Release|Any CPU.ActiveCfg = Release|Any CPU
		{CE1B1314-876A-4579-AB8F-5E9B7EEB9954}.Release|Any CPU.Build.0 = Release|Any CPU
		{F519DEE9-84FF-4331-B5C8-131C4A684670}.Debug|Any CPU.ActiveCfg = Debug|Any CPU
		{F519DEE9-84FF-4331-B5C8-131C4A684670}.Debug|Any CPU.Build.0 = Debug|Any CPU
		{F519DEE9-84FF-4331-B5C8-131C4A684670}.Release|Any CPU.ActiveCfg = Release|Any CPU
		{F519DEE9-84FF-4331-B5C8-131C4A684670}.Release|Any CPU.Build.0 = Release|Any CPU
	EndGlobalSection
	GlobalSection(SolutionProperties) = preSolution
		HideSolutionNode = FALSE
	EndGlobalSection
EndGlobal
